// !$*UTF8*$!
{
	archiveVersion = 1;
	classes = {
	};
	objectVersion = 56;
	objects = {

/* Begin PBXBuildFile section */
		E638A5002A7CFFE70030FB82 /* Math1_NextLevelView.swift in Sources */ = {isa = PBXBuildFile; fileRef = E638A4FF2A7CFFE70030FB82 /* Math1_NextLevelView.swift */; };
		E638A5032A7D1BC40030FB82 /* Math2_Add1View.swift in Sources */ = {isa = PBXBuildFile; fileRef = E638A5022A7D1BC30030FB82 /* Math2_Add1View.swift */; };
		E638A5052A7D1C220030FB82 /* Math2_CorrectView.swift in Sources */ = {isa = PBXBuildFile; fileRef = E638A5042A7D1C220030FB82 /* Math2_CorrectView.swift */; };
		E638A50C2A7D2EAD0030FB82 /* addThirdQView.swift in Sources */ = {isa = PBXBuildFile; fileRef = E638A50B2A7D2EAD0030FB82 /* addThirdQView.swift */; };
		E638A50D2A7D2EAD0030FB82 /* addSecondQView.swift in Sources */ = {isa = PBXBuildFile; fileRef = E638A50A2A7D2EAD0030FB82 /* addSecondQView.swift */; };
		E638A5192A7D33960030FB82 /* DivisionView.swift in Sources */ = {isa = PBXBuildFile; fileRef = E638A5132A7D33960030FB82 /* DivisionView.swift */; };
		E638A51A2A7D33960030FB82 /* MultiplicationView.swift in Sources */ = {isa = PBXBuildFile; fileRef = E638A5142A7D33960030FB82 /* MultiplicationView.swift */; };
		E638A51B2A7D33960030FB82 /* multiSecondQ.swift in Sources */ = {isa = PBXBuildFile; fileRef = E638A5152A7D33960030FB82 /* multiSecondQ.swift */; };
		E638A51C2A7D33960030FB82 /* multiThirdQ.swift in Sources */ = {isa = PBXBuildFile; fileRef = E638A5162A7D33960030FB82 /* multiThirdQ.swift */; };
		E638A51D2A7D33960030FB82 /* divThirdQ.swift in Sources */ = {isa = PBXBuildFile; fileRef = E638A5172A7D33960030FB82 /* divThirdQ.swift */; };
		E638A51E2A7D33960030FB82 /* divSecondQ.swift in Sources */ = {isa = PBXBuildFile; fileRef = E638A5182A7D33960030FB82 /* divSecondQ.swift */; };
		E638A5222A7D3A840030FB82 /* SubtractionView.swift in Sources */ = {isa = PBXBuildFile; fileRef = E638A51F2A7D3A840030FB82 /* SubtractionView.swift */; };
		E638A5232A7D3A840030FB82 /* subThirdQ.swift in Sources */ = {isa = PBXBuildFile; fileRef = E638A5202A7D3A840030FB82 /* subThirdQ.swift */; };
		E638A5242A7D3A840030FB82 /* subSecondQ.swift in Sources */ = {isa = PBXBuildFile; fileRef = E638A5212A7D3A840030FB82 /* subSecondQ.swift */; };
		E638A5362A828B7F0030FB82 /* wrongAnswer.wav in Resources */ = {isa = PBXBuildFile; fileRef = E638A5352A828B7F0030FB82 /* wrongAnswer.wav */; };
		E638A5392A828C110030FB82 /* Spelling1_Q1View.swift in Sources */ = {isa = PBXBuildFile; fileRef = E638A5382A828C110030FB82 /* Spelling1_Q1View.swift */; };
		E638A53B2A828C460030FB82 /* SpellingCorrectView1.swift in Sources */ = {isa = PBXBuildFile; fileRef = E638A53A2A828C460030FB82 /* SpellingCorrectView1.swift */; };
		E638A53D2A828C960030FB82 /* Spelling1_Q2View.swift in Sources */ = {isa = PBXBuildFile; fileRef = E638A53C2A828C960030FB82 /* Spelling1_Q2View.swift */; };
		E638A53F2A828CF00030FB82 /* Spelling1_Q3View.swift in Sources */ = {isa = PBXBuildFile; fileRef = E638A53E2A828CF00030FB82 /* Spelling1_Q3View.swift */; };
		E638A5412A828D2F0030FB82 /* SpellingIncorrectView1.swift in Sources */ = {isa = PBXBuildFile; fileRef = E638A5402A828D2F0030FB82 /* SpellingIncorrectView1.swift */; };
		E638A5432A828D890030FB82 /* SpellingLevelsView.swift in Sources */ = {isa = PBXBuildFile; fileRef = E638A5422A828D890030FB82 /* SpellingLevelsView.swift */; };
		E66ADE962A7CEA8600398317 /* WoolyAdventuresApp.swift in Sources */ = {isa = PBXBuildFile; fileRef = E66ADE952A7CEA8600398317 /* WoolyAdventuresApp.swift */; };
		E66ADE982A7CEA8600398317 /* ContentView.swift in Sources */ = {isa = PBXBuildFile; fileRef = E66ADE972A7CEA8600398317 /* ContentView.swift */; };
		E66ADE9A2A7CEA8800398317 /* Assets.xcassets in Resources */ = {isa = PBXBuildFile; fileRef = E66ADE992A7CEA8800398317 /* Assets.xcassets */; };
		E66ADE9D2A7CEA8800398317 /* Preview Assets.xcassets in Resources */ = {isa = PBXBuildFile; fileRef = E66ADE9C2A7CEA8800398317 /* Preview Assets.xcassets */; };
		E66ADEA42A7CF05F00398317 /* MathLevelsView.swift in Sources */ = {isa = PBXBuildFile; fileRef = E66ADEA32A7CF05F00398317 /* MathLevelsView.swift */; };
		E66ADEA62A7CF0B100398317 /* Math1_Q1View.swift in Sources */ = {isa = PBXBuildFile; fileRef = E66ADEA52A7CF0B100398317 /* Math1_Q1View.swift */; };
		E66ADEA82A7CF0B800398317 /* Math1_Q2View.swift in Sources */ = {isa = PBXBuildFile; fileRef = E66ADEA72A7CF0B800398317 /* Math1_Q2View.swift */; };
		E66ADEAA2A7CF0C100398317 /* Math1_Q3View.swift in Sources */ = {isa = PBXBuildFile; fileRef = E66ADEA92A7CF0C100398317 /* Math1_Q3View.swift */; };
		E66ADEAC2A7CF0D900398317 /* MathLevel2View.swift in Sources */ = {isa = PBXBuildFile; fileRef = E66ADEAB2A7CF0D900398317 /* MathLevel2View.swift */; };
		E66ADEAE2A7CF2A600398317 /* MathLevel3View.swift in Sources */ = {isa = PBXBuildFile; fileRef = E66ADEAD2A7CF2A600398317 /* MathLevel3View.swift */; };
		E66ADEB22A7CF3BE00398317 /* Math1_IncorrectView.swift in Sources */ = {isa = PBXBuildFile; fileRef = E66ADEB12A7CF3BE00398317 /* Math1_IncorrectView.swift */; };
		E66ADEB42A7CF42800398317 /* Math1_CorrectView.swift in Sources */ = {isa = PBXBuildFile; fileRef = E66ADEB32A7CF42800398317 /* Math1_CorrectView.swift */; };
		E66ADEB92A7CF50000398317 /* bird.mp3 in Resources */ = {isa = PBXBuildFile; fileRef = E66ADEB52A7CF4FF00398317 /* bird.mp3 */; };
		E66ADEBA2A7CF50000398317 /* apple.mp3 in Resources */ = {isa = PBXBuildFile; fileRef = E66ADEB62A7CF50000398317 /* apple.mp3 */; };
		E66ADEBB2A7CF50000398317 /* book.mp3 in Resources */ = {isa = PBXBuildFile; fileRef = E66ADEB72A7CF50000398317 /* book.mp3 */; };
		E66ADEBC2A7CF50000398317 /* yay.mp3 in Resources */ = {isa = PBXBuildFile; fileRef = E66ADEB82A7CF50000398317 /* yay.mp3 */; };
/* End PBXBuildFile section */

/* Begin PBXFileReference section */
		E638A4FF2A7CFFE70030FB82 /* Math1_NextLevelView.swift */ = {isa = PBXFileReference; lastKnownFileType = sourcecode.swift; path = Math1_NextLevelView.swift; sourceTree = "<group>"; };
		E638A5022A7D1BC30030FB82 /* Math2_Add1View.swift */ = {isa = PBXFileReference; lastKnownFileType = sourcecode.swift; path = Math2_Add1View.swift; sourceTree = "<group>"; };
		E638A5042A7D1C220030FB82 /* Math2_CorrectView.swift */ = {isa = PBXFileReference; lastKnownFileType = sourcecode.swift; path = Math2_CorrectView.swift; sourceTree = "<group>"; };
		E638A50A2A7D2EAD0030FB82 /* addSecondQView.swift */ = {isa = PBXFileReference; lastKnownFileType = sourcecode.swift; path = addSecondQView.swift; sourceTree = "<group>"; };
		E638A50B2A7D2EAD0030FB82 /* addThirdQView.swift */ = {isa = PBXFileReference; lastKnownFileType = sourcecode.swift; path = addThirdQView.swift; sourceTree = "<group>"; };
		E638A5132A7D33960030FB82 /* DivisionView.swift */ = {isa = PBXFileReference; fileEncoding = 4; lastKnownFileType = sourcecode.swift; name = DivisionView.swift; path = "../../../../Downloads/woolyadventure code/MathSection/MathSection/DivisionView.swift"; sourceTree = "<group>"; };
		E638A5142A7D33960030FB82 /* MultiplicationView.swift */ = {isa = PBXFileReference; fileEncoding = 4; lastKnownFileType = sourcecode.swift; name = MultiplicationView.swift; path = "../../../../Downloads/woolyadventure code/MathSection/MathSection/MultiplicationView.swift"; sourceTree = "<group>"; };
		E638A5152A7D33960030FB82 /* multiSecondQ.swift */ = {isa = PBXFileReference; fileEncoding = 4; lastKnownFileType = sourcecode.swift; name = multiSecondQ.swift; path = "../../../../Downloads/woolyadventure code/MathSection/MathSection/multiSecondQ.swift"; sourceTree = "<group>"; };
		E638A5162A7D33960030FB82 /* multiThirdQ.swift */ = {isa = PBXFileReference; fileEncoding = 4; lastKnownFileType = sourcecode.swift; name = multiThirdQ.swift; path = "../../../../Downloads/woolyadventure code/MathSection/MathSection/multiThirdQ.swift"; sourceTree = "<group>"; };
		E638A5172A7D33960030FB82 /* divThirdQ.swift */ = {isa = PBXFileReference; fileEncoding = 4; lastKnownFileType = sourcecode.swift; name = divThirdQ.swift; path = "../../../../Downloads/woolyadventure code/MathSection/MathSection/divThirdQ.swift"; sourceTree = "<group>"; };
		E638A5182A7D33960030FB82 /* divSecondQ.swift */ = {isa = PBXFileReference; fileEncoding = 4; lastKnownFileType = sourcecode.swift; name = divSecondQ.swift; path = "../../../../Downloads/woolyadventure code/MathSection/MathSection/divSecondQ.swift"; sourceTree = "<group>"; };
		E638A51F2A7D3A840030FB82 /* SubtractionView.swift */ = {isa = PBXFileReference; fileEncoding = 4; lastKnownFileType = sourcecode.swift; name = SubtractionView.swift; path = "../../../../Downloads/woolyadventure code/MathSection/MathSection/SubtractionView.swift"; sourceTree = "<group>"; };
		E638A5202A7D3A840030FB82 /* subThirdQ.swift */ = {isa = PBXFileReference; fileEncoding = 4; lastKnownFileType = sourcecode.swift; name = subThirdQ.swift; path = "../../../../Downloads/woolyadventure code/MathSection/MathSection/subThirdQ.swift"; sourceTree = "<group>"; };
		E638A5212A7D3A840030FB82 /* subSecondQ.swift */ = {isa = PBXFileReference; fileEncoding = 4; lastKnownFileType = sourcecode.swift; name = subSecondQ.swift; path = "../../../../Downloads/woolyadventure code/MathSection/MathSection/subSecondQ.swift"; sourceTree = "<group>"; };
		E638A5352A828B7F0030FB82 /* wrongAnswer.wav */ = {isa = PBXFileReference; lastKnownFileType = audio.wav; name = wrongAnswer.wav; path = "../../Downloads/woolyadventure code/Words_Section_Level1(Lissie)/wrongAnswer.wav"; sourceTree = "<group>"; };
		E638A5382A828C110030FB82 /* Spelling1_Q1View.swift */ = {isa = PBXFileReference; lastKnownFileType = sourcecode.swift; path = Spelling1_Q1View.swift; sourceTree = "<group>"; };
		E638A53A2A828C460030FB82 /* SpellingCorrectView1.swift */ = {isa = PBXFileReference; lastKnownFileType = sourcecode.swift; path = SpellingCorrectView1.swift; sourceTree = "<group>"; };
		E638A53C2A828C960030FB82 /* Spelling1_Q2View.swift */ = {isa = PBXFileReference; lastKnownFileType = sourcecode.swift; path = Spelling1_Q2View.swift; sourceTree = "<group>"; };
		E638A53E2A828CF00030FB82 /* Spelling1_Q3View.swift */ = {isa = PBXFileReference; lastKnownFileType = sourcecode.swift; path = Spelling1_Q3View.swift; sourceTree = "<group>"; };
		E638A5402A828D2F0030FB82 /* SpellingIncorrectView1.swift */ = {isa = PBXFileReference; lastKnownFileType = sourcecode.swift; path = SpellingIncorrectView1.swift; sourceTree = "<group>"; };
		E638A5422A828D890030FB82 /* SpellingLevelsView.swift */ = {isa = PBXFileReference; lastKnownFileType = sourcecode.swift; path = SpellingLevelsView.swift; sourceTree = "<group>"; };
		E66ADE922A7CEA8600398317 /* WoolyAdventures.app */ = {isa = PBXFileReference; explicitFileType = wrapper.application; includeInIndex = 0; path = WoolyAdventures.app; sourceTree = BUILT_PRODUCTS_DIR; };
		E66ADE952A7CEA8600398317 /* WoolyAdventuresApp.swift */ = {isa = PBXFileReference; lastKnownFileType = sourcecode.swift; path = WoolyAdventuresApp.swift; sourceTree = "<group>"; };
		E66ADE972A7CEA8600398317 /* ContentView.swift */ = {isa = PBXFileReference; lastKnownFileType = sourcecode.swift; path = ContentView.swift; sourceTree = "<group>"; };
		E66ADE992A7CEA8800398317 /* Assets.xcassets */ = {isa = PBXFileReference; lastKnownFileType = folder.assetcatalog; path = Assets.xcassets; sourceTree = "<group>"; };
		E66ADE9C2A7CEA8800398317 /* Preview Assets.xcassets */ = {isa = PBXFileReference; lastKnownFileType = folder.assetcatalog; path = "Preview Assets.xcassets"; sourceTree = "<group>"; };
		E66ADEA32A7CF05F00398317 /* MathLevelsView.swift */ = {isa = PBXFileReference; lastKnownFileType = sourcecode.swift; path = MathLevelsView.swift; sourceTree = "<group>"; };
		E66ADEA52A7CF0B100398317 /* Math1_Q1View.swift */ = {isa = PBXFileReference; lastKnownFileType = sourcecode.swift; path = Math1_Q1View.swift; sourceTree = "<group>"; };
		E66ADEA72A7CF0B800398317 /* Math1_Q2View.swift */ = {isa = PBXFileReference; lastKnownFileType = sourcecode.swift; path = Math1_Q2View.swift; sourceTree = "<group>"; };
		E66ADEA92A7CF0C100398317 /* Math1_Q3View.swift */ = {isa = PBXFileReference; lastKnownFileType = sourcecode.swift; path = Math1_Q3View.swift; sourceTree = "<group>"; };
		E66ADEAB2A7CF0D900398317 /* MathLevel2View.swift */ = {isa = PBXFileReference; lastKnownFileType = sourcecode.swift; path = MathLevel2View.swift; sourceTree = "<group>"; };
		E66ADEAD2A7CF2A600398317 /* MathLevel3View.swift */ = {isa = PBXFileReference; lastKnownFileType = sourcecode.swift; path = MathLevel3View.swift; sourceTree = "<group>"; };
		E66ADEB12A7CF3BE00398317 /* Math1_IncorrectView.swift */ = {isa = PBXFileReference; lastKnownFileType = sourcecode.swift; path = Math1_IncorrectView.swift; sourceTree = "<group>"; };
		E66ADEB32A7CF42800398317 /* Math1_CorrectView.swift */ = {isa = PBXFileReference; lastKnownFileType = sourcecode.swift; path = Math1_CorrectView.swift; sourceTree = "<group>"; };
		E66ADEB52A7CF4FF00398317 /* bird.mp3 */ = {isa = PBXFileReference; lastKnownFileType = audio.mp3; name = bird.mp3; path = "../../Downloads/woolyadventure code/Words_Section_Level1(Lissie)/bird.mp3"; sourceTree = "<group>"; };
		E66ADEB62A7CF50000398317 /* apple.mp3 */ = {isa = PBXFileReference; lastKnownFileType = audio.mp3; name = apple.mp3; path = "../../Downloads/woolyadventure code/Words_Section_Level1(Lissie)/apple.mp3"; sourceTree = "<group>"; };
		E66ADEB72A7CF50000398317 /* book.mp3 */ = {isa = PBXFileReference; lastKnownFileType = audio.mp3; name = book.mp3; path = "../../Downloads/woolyadventure code/Words_Section_Level1(Lissie)/book.mp3"; sourceTree = "<group>"; };
		E66ADEB82A7CF50000398317 /* yay.mp3 */ = {isa = PBXFileReference; lastKnownFileType = audio.mp3; name = yay.mp3; path = "../../Downloads/woolyadventure code/Words_Section_Level1(Lissie)/yay.mp3"; sourceTree = "<group>"; };
/* End PBXFileReference section */

/* Begin PBXFrameworksBuildPhase section */
		E66ADE8F2A7CEA8600398317 /* Frameworks */ = {
			isa = PBXFrameworksBuildPhase;
			buildActionMask = 2147483647;
			files = (
			);
			runOnlyForDeploymentPostprocessing = 0;
		};
/* End PBXFrameworksBuildPhase section */

/* Begin PBXGroup section */
		E638A4FC2A7CF7560030FB82 /* Math Level 1 */ = {
			isa = PBXGroup;
			children = (
				E66ADEA52A7CF0B100398317 /* Math1_Q1View.swift */,
				E66ADEA72A7CF0B800398317 /* Math1_Q2View.swift */,
				E66ADEA92A7CF0C100398317 /* Math1_Q3View.swift */,
				E66ADEB32A7CF42800398317 /* Math1_CorrectView.swift */,
				E638A4FF2A7CFFE70030FB82 /* Math1_NextLevelView.swift */,
				E66ADEB12A7CF3BE00398317 /* Math1_IncorrectView.swift */,
			);
			name = "Math Level 1";
			sourceTree = "<group>";
		};
		E638A5012A7D1B970030FB82 /* Math Level 2 */ = {
			isa = PBXGroup;
			children = (
				E66ADEAB2A7CF0D900398317 /* MathLevel2View.swift */,
				E638A5212A7D3A840030FB82 /* subSecondQ.swift */,
				E638A5202A7D3A840030FB82 /* subThirdQ.swift */,
				E638A51F2A7D3A840030FB82 /* SubtractionView.swift */,
				E638A5022A7D1BC30030FB82 /* Math2_Add1View.swift */,
				E638A50A2A7D2EAD0030FB82 /* addSecondQView.swift */,
				E638A50B2A7D2EAD0030FB82 /* addThirdQView.swift */,
				E638A5042A7D1C220030FB82 /* Math2_CorrectView.swift */,
			);
			path = "Math Level 2";
			sourceTree = "<group>";
		};
		E638A5112A7D32F20030FB82 /* Everything Else */ = {
			isa = PBXGroup;
			children = (
				E66ADE952A7CEA8600398317 /* WoolyAdventuresApp.swift */,
				E66ADE972A7CEA8600398317 /* ContentView.swift */,
				E66ADEA32A7CF05F00398317 /* MathLevelsView.swift */,
				E66ADEAD2A7CF2A600398317 /* MathLevel3View.swift */,
				E638A5422A828D890030FB82 /* SpellingLevelsView.swift */,
			);
			path = "Everything Else";
			sourceTree = "<group>";
		};
		E638A5122A7D330C0030FB82 /* Math Level 3 */ = {
			isa = PBXGroup;
			children = (
				E638A5132A7D33960030FB82 /* DivisionView.swift */,
				E638A5182A7D33960030FB82 /* divSecondQ.swift */,
				E638A5172A7D33960030FB82 /* divThirdQ.swift */,
				E638A5142A7D33960030FB82 /* MultiplicationView.swift */,
				E638A5152A7D33960030FB82 /* multiSecondQ.swift */,
				E638A5162A7D33960030FB82 /* multiThirdQ.swift */,
			);
			path = "Math Level 3";
			sourceTree = "<group>";
		};
		E638A5372A828BEC0030FB82 /* Spelling Level 1 */ = {
			isa = PBXGroup;
			children = (
				E638A5382A828C110030FB82 /* Spelling1_Q1View.swift */,
				E638A53A2A828C460030FB82 /* SpellingCorrectView1.swift */,
				E638A53C2A828C960030FB82 /* Spelling1_Q2View.swift */,
				E638A5402A828D2F0030FB82 /* SpellingIncorrectView1.swift */,
				E638A53E2A828CF00030FB82 /* Spelling1_Q3View.swift */,
			);
			path = "Spelling Level 1";
			sourceTree = "<group>";
		};
		E66ADE892A7CEA8600398317 = {
			isa = PBXGroup;
			children = (
				E66ADEB62A7CF50000398317 /* apple.mp3 */,
				E66ADEB52A7CF4FF00398317 /* bird.mp3 */,
				E66ADEB72A7CF50000398317 /* book.mp3 */,
				E66ADEB82A7CF50000398317 /* yay.mp3 */,
				E638A5352A828B7F0030FB82 /* wrongAnswer.wav */,
				E66ADE942A7CEA8600398317 /* WoolyAdventures */,
				E66ADE932A7CEA8600398317 /* Products */,
			);
			sourceTree = "<group>";
		};
		E66ADE932A7CEA8600398317 /* Products */ = {
			isa = PBXGroup;
			children = (
				E66ADE922A7CEA8600398317 /* WoolyAdventures.app */,
			);
			name = Products;
			sourceTree = "<group>";
		};
		E66ADE942A7CEA8600398317 /* WoolyAdventures */ = {
			isa = PBXGroup;
			children = (
				E638A5372A828BEC0030FB82 /* Spelling Level 1 */,
				E638A5112A7D32F20030FB82 /* Everything Else */,
				E638A5122A7D330C0030FB82 /* Math Level 3 */,
				E638A5012A7D1B970030FB82 /* Math Level 2 */,
				E638A4FC2A7CF7560030FB82 /* Math Level 1 */,
				E66ADE992A7CEA8800398317 /* Assets.xcassets */,
				E66ADE9B2A7CEA8800398317 /* Preview Content */,
			);
			path = WoolyAdventures;
			sourceTree = "<group>";
		};
		E66ADE9B2A7CEA8800398317 /* Preview Content */ = {
			isa = PBXGroup;
			children = (
				E66ADE9C2A7CEA8800398317 /* Preview Assets.xcassets */,
			);
			path = "Preview Content";
			sourceTree = "<group>";
		};
/* End PBXGroup section */

/* Begin PBXNativeTarget section */
		E66ADE912A7CEA8600398317 /* WoolyAdventures */ = {
			isa = PBXNativeTarget;
			buildConfigurationList = E66ADEA02A7CEA8800398317 /* Build configuration list for PBXNativeTarget "WoolyAdventures" */;
			buildPhases = (
				E66ADE8E2A7CEA8600398317 /* Sources */,
				E66ADE8F2A7CEA8600398317 /* Frameworks */,
				E66ADE902A7CEA8600398317 /* Resources */,
			);
			buildRules = (
			);
			dependencies = (
			);
			name = WoolyAdventures;
			productName = WoolyAdventures;
			productReference = E66ADE922A7CEA8600398317 /* WoolyAdventures.app */;
			productType = "com.apple.product-type.application";
		};
/* End PBXNativeTarget section */

/* Begin PBXProject section */
		E66ADE8A2A7CEA8600398317 /* Project object */ = {
			isa = PBXProject;
			attributes = {
				BuildIndependentTargetsInParallel = 1;
				LastSwiftUpdateCheck = 1430;
				LastUpgradeCheck = 1430;
				TargetAttributes = {
					E66ADE912A7CEA8600398317 = {
						CreatedOnToolsVersion = 14.3.1;
					};
				};
			};
			buildConfigurationList = E66ADE8D2A7CEA8600398317 /* Build configuration list for PBXProject "WoolyAdventures" */;
			compatibilityVersion = "Xcode 14.0";
			developmentRegion = en;
			hasScannedForEncodings = 0;
			knownRegions = (
				en,
				Base,
			);
			mainGroup = E66ADE892A7CEA8600398317;
			productRefGroup = E66ADE932A7CEA8600398317 /* Products */;
			projectDirPath = "";
			projectRoot = "";
			targets = (
				E66ADE912A7CEA8600398317 /* WoolyAdventures */,
			);
		};
/* End PBXProject section */

/* Begin PBXResourcesBuildPhase section */
		E66ADE902A7CEA8600398317 /* Resources */ = {
			isa = PBXResourcesBuildPhase;
			buildActionMask = 2147483647;
			files = (
				E638A5362A828B7F0030FB82 /* wrongAnswer.wav in Resources */,
				E66ADEBC2A7CF50000398317 /* yay.mp3 in Resources */,
				E66ADE9D2A7CEA8800398317 /* Preview Assets.xcassets in Resources */,
				E66ADEBB2A7CF50000398317 /* book.mp3 in Resources */,
				E66ADEBA2A7CF50000398317 /* apple.mp3 in Resources */,
				E66ADE9A2A7CEA8800398317 /* Assets.xcassets in Resources */,
				E66ADEB92A7CF50000398317 /* bird.mp3 in Resources */,
			);
			runOnlyForDeploymentPostprocessing = 0;
		};
/* End PBXResourcesBuildPhase section */

/* Begin PBXSourcesBuildPhase section */
		E66ADE8E2A7CEA8600398317 /* Sources */ = {
			isa = PBXSourcesBuildPhase;
			buildActionMask = 2147483647;
			files = (
				E66ADEAA2A7CF0C100398317 /* Math1_Q3View.swift in Sources */,
				E66ADEAC2A7CF0D900398317 /* MathLevel2View.swift in Sources */,
				E638A5392A828C110030FB82 /* Spelling1_Q1View.swift in Sources */,
				E638A5432A828D890030FB82 /* SpellingLevelsView.swift in Sources */,
				E66ADEA62A7CF0B100398317 /* Math1_Q1View.swift in Sources */,
				E638A5052A7D1C220030FB82 /* Math2_CorrectView.swift in Sources */,
				E638A51B2A7D33960030FB82 /* multiSecondQ.swift in Sources */,
				E638A5032A7D1BC40030FB82 /* Math2_Add1View.swift in Sources */,
				E638A51C2A7D33960030FB82 /* multiThirdQ.swift in Sources */,
				E66ADEA42A7CF05F00398317 /* MathLevelsView.swift in Sources */,
				E66ADE982A7CEA8600398317 /* ContentView.swift in Sources */,
				E66ADEA82A7CF0B800398317 /* Math1_Q2View.swift in Sources */,
				E638A5242A7D3A840030FB82 /* subSecondQ.swift in Sources */,
				E66ADEB22A7CF3BE00398317 /* Math1_IncorrectView.swift in Sources */,
				E638A51D2A7D33960030FB82 /* divThirdQ.swift in Sources */,
				E638A53F2A828CF00030FB82 /* Spelling1_Q3View.swift in Sources */,
				E638A50D2A7D2EAD0030FB82 /* addSecondQView.swift in Sources */,
				E638A53B2A828C460030FB82 /* SpellingCorrectView1.swift in Sources */,
				E638A5222A7D3A840030FB82 /* SubtractionView.swift in Sources */,
				E638A5002A7CFFE70030FB82 /* Math1_NextLevelView.swift in Sources */,
				E638A5232A7D3A840030FB82 /* subThirdQ.swift in Sources */,
				E638A51A2A7D33960030FB82 /* MultiplicationView.swift in Sources */,
				E66ADEB42A7CF42800398317 /* Math1_CorrectView.swift in Sources */,
				E638A53D2A828C960030FB82 /* Spelling1_Q2View.swift in Sources */,
				E638A51E2A7D33960030FB82 /* divSecondQ.swift in Sources */,
				E66ADE962A7CEA8600398317 /* WoolyAdventuresApp.swift in Sources */,
				E66ADEAE2A7CF2A600398317 /* MathLevel3View.swift in Sources */,
				E638A50C2A7D2EAD0030FB82 /* addThirdQView.swift in Sources */,
				E638A5412A828D2F0030FB82 /* SpellingIncorrectView1.swift in Sources */,
				E638A5192A7D33960030FB82 /* DivisionView.swift in Sources */,
			);
			runOnlyForDeploymentPostprocessing = 0;
		};
/* End PBXSourcesBuildPhase section */

/* Begin XCBuildConfiguration section */
		E66ADE9E2A7CEA8800398317 /* Debug */ = {
			isa = XCBuildConfiguration;
			buildSettings = {
				ALWAYS_SEARCH_USER_PATHS = NO;
				CLANG_ANALYZER_NONNULL = YES;
				CLANG_ANALYZER_NUMBER_OBJECT_CONVERSION = YES_AGGRESSIVE;
				CLANG_CXX_LANGUAGE_STANDARD = "gnu++20";
				CLANG_ENABLE_MODULES = YES;
				CLANG_ENABLE_OBJC_ARC = YES;
				CLANG_ENABLE_OBJC_WEAK = YES;
				CLANG_WARN_BLOCK_CAPTURE_AUTORELEASING = YES;
				CLANG_WARN_BOOL_CONVERSION = YES;
				CLANG_WARN_COMMA = YES;
				CLANG_WARN_CONSTANT_CONVERSION = YES;
				CLANG_WARN_DEPRECATED_OBJC_IMPLEMENTATIONS = YES;
				CLANG_WARN_DIRECT_OBJC_ISA_USAGE = YES_ERROR;
				CLANG_WARN_DOCUMENTATION_COMMENTS = YES;
				CLANG_WARN_EMPTY_BODY = YES;
				CLANG_WARN_ENUM_CONVERSION = YES;
				CLANG_WARN_INFINITE_RECURSION = YES;
				CLANG_WARN_INT_CONVERSION = YES;
				CLANG_WARN_NON_LITERAL_NULL_CONVERSION = YES;
				CLANG_WARN_OBJC_IMPLICIT_RETAIN_SELF = YES;
				CLANG_WARN_OBJC_LITERAL_CONVERSION = YES;
				CLANG_WARN_OBJC_ROOT_CLASS = YES_ERROR;
				CLANG_WARN_QUOTED_INCLUDE_IN_FRAMEWORK_HEADER = YES;
				CLANG_WARN_RANGE_LOOP_ANALYSIS = YES;
				CLANG_WARN_STRICT_PROTOTYPES = YES;
				CLANG_WARN_SUSPICIOUS_MOVE = YES;
				CLANG_WARN_UNGUARDED_AVAILABILITY = YES_AGGRESSIVE;
				CLANG_WARN_UNREACHABLE_CODE = YES;
				CLANG_WARN__DUPLICATE_METHOD_MATCH = YES;
				COPY_PHASE_STRIP = NO;
				DEBUG_INFORMATION_FORMAT = dwarf;
				ENABLE_STRICT_OBJC_MSGSEND = YES;
				ENABLE_TESTABILITY = YES;
				GCC_C_LANGUAGE_STANDARD = gnu11;
				GCC_DYNAMIC_NO_PIC = NO;
				GCC_NO_COMMON_BLOCKS = YES;
				GCC_OPTIMIZATION_LEVEL = 0;
				GCC_PREPROCESSOR_DEFINITIONS = (
					"DEBUG=1",
					"$(inherited)",
				);
				GCC_WARN_64_TO_32_BIT_CONVERSION = YES;
				GCC_WARN_ABOUT_RETURN_TYPE = YES_ERROR;
				GCC_WARN_UNDECLARED_SELECTOR = YES;
				GCC_WARN_UNINITIALIZED_AUTOS = YES_AGGRESSIVE;
				GCC_WARN_UNUSED_FUNCTION = YES;
				GCC_WARN_UNUSED_VARIABLE = YES;
				IPHONEOS_DEPLOYMENT_TARGET = 16.4;
				MTL_ENABLE_DEBUG_INFO = INCLUDE_SOURCE;
				MTL_FAST_MATH = YES;
				ONLY_ACTIVE_ARCH = YES;
				SDKROOT = iphoneos;
				SWIFT_ACTIVE_COMPILATION_CONDITIONS = DEBUG;
				SWIFT_OPTIMIZATION_LEVEL = "-Onone";
			};
			name = Debug;
		};
		E66ADE9F2A7CEA8800398317 /* Release */ = {
			isa = XCBuildConfiguration;
			buildSettings = {
				ALWAYS_SEARCH_USER_PATHS = NO;
				CLANG_ANALYZER_NONNULL = YES;
				CLANG_ANALYZER_NUMBER_OBJECT_CONVERSION = YES_AGGRESSIVE;
				CLANG_CXX_LANGUAGE_STANDARD = "gnu++20";
				CLANG_ENABLE_MODULES = YES;
				CLANG_ENABLE_OBJC_ARC = YES;
				CLANG_ENABLE_OBJC_WEAK = YES;
				CLANG_WARN_BLOCK_CAPTURE_AUTORELEASING = YES;
				CLANG_WARN_BOOL_CONVERSION = YES;
				CLANG_WARN_COMMA = YES;
				CLANG_WARN_CONSTANT_CONVERSION = YES;
				CLANG_WARN_DEPRECATED_OBJC_IMPLEMENTATIONS = YES;
				CLANG_WARN_DIRECT_OBJC_ISA_USAGE = YES_ERROR;
				CLANG_WARN_DOCUMENTATION_COMMENTS = YES;
				CLANG_WARN_EMPTY_BODY = YES;
				CLANG_WARN_ENUM_CONVERSION = YES;
				CLANG_WARN_INFINITE_RECURSION = YES;
				CLANG_WARN_INT_CONVERSION = YES;
				CLANG_WARN_NON_LITERAL_NULL_CONVERSION = YES;
				CLANG_WARN_OBJC_IMPLICIT_RETAIN_SELF = YES;
				CLANG_WARN_OBJC_LITERAL_CONVERSION = YES;
				CLANG_WARN_OBJC_ROOT_CLASS = YES_ERROR;
				CLANG_WARN_QUOTED_INCLUDE_IN_FRAMEWORK_HEADER = YES;
				CLANG_WARN_RANGE_LOOP_ANALYSIS = YES;
				CLANG_WARN_STRICT_PROTOTYPES = YES;
				CLANG_WARN_SUSPICIOUS_MOVE = YES;
				CLANG_WARN_UNGUARDED_AVAILABILITY = YES_AGGRESSIVE;
				CLANG_WARN_UNREACHABLE_CODE = YES;
				CLANG_WARN__DUPLICATE_METHOD_MATCH = YES;
				COPY_PHASE_STRIP = NO;
				DEBUG_INFORMATION_FORMAT = "dwarf-with-dsym";
				ENABLE_NS_ASSERTIONS = NO;
				ENABLE_STRICT_OBJC_MSGSEND = YES;
				GCC_C_LANGUAGE_STANDARD = gnu11;
				GCC_NO_COMMON_BLOCKS = YES;
				GCC_WARN_64_TO_32_BIT_CONVERSION = YES;
				GCC_WARN_ABOUT_RETURN_TYPE = YES_ERROR;
				GCC_WARN_UNDECLARED_SELECTOR = YES;
				GCC_WARN_UNINITIALIZED_AUTOS = YES_AGGRESSIVE;
				GCC_WARN_UNUSED_FUNCTION = YES;
				GCC_WARN_UNUSED_VARIABLE = YES;
				IPHONEOS_DEPLOYMENT_TARGET = 16.4;
				MTL_ENABLE_DEBUG_INFO = NO;
				MTL_FAST_MATH = YES;
				SDKROOT = iphoneos;
				SWIFT_COMPILATION_MODE = wholemodule;
				SWIFT_OPTIMIZATION_LEVEL = "-O";
				VALIDATE_PRODUCT = YES;
			};
			name = Release;
		};
		E66ADEA12A7CEA8800398317 /* Debug */ = {
			isa = XCBuildConfiguration;
			buildSettings = {
				ASSETCATALOG_COMPILER_APPICON_NAME = AppIcon;
				ASSETCATALOG_COMPILER_GLOBAL_ACCENT_COLOR_NAME = AccentColor;
				CODE_SIGN_STYLE = Automatic;
				CURRENT_PROJECT_VERSION = 1;
				DEVELOPMENT_ASSET_PATHS = "\"WoolyAdventures/Preview Content\"";
				ENABLE_PREVIEWS = YES;
				GENERATE_INFOPLIST_FILE = YES;
				INFOPLIST_KEY_UIApplicationSceneManifest_Generation = YES;
				INFOPLIST_KEY_UIApplicationSupportsIndirectInputEvents = YES;
				INFOPLIST_KEY_UILaunchScreen_Generation = YES;
				INFOPLIST_KEY_UISupportedInterfaceOrientations_iPad = "UIInterfaceOrientationPortrait UIInterfaceOrientationPortraitUpsideDown UIInterfaceOrientationLandscapeLeft UIInterfaceOrientationLandscapeRight";
				INFOPLIST_KEY_UISupportedInterfaceOrientations_iPhone = "UIInterfaceOrientationPortrait UIInterfaceOrientationLandscapeLeft UIInterfaceOrientationLandscapeRight";
				LD_RUNPATH_SEARCH_PATHS = (
					"$(inherited)",
					"@executable_path/Frameworks",
				);
				MARKETING_VERSION = 1.0;
				PRODUCT_BUNDLE_IDENTIFIER = kwk;
				PRODUCT_NAME = "$(TARGET_NAME)";
				SWIFT_EMIT_LOC_STRINGS = YES;
				SWIFT_VERSION = 5.0;
				TARGETED_DEVICE_FAMILY = "1,2";
			};
			name = Debug;
		};
		E66ADEA22A7CEA8800398317 /* Release */ = {
			isa = XCBuildConfiguration;
			buildSettings = {
				ASSETCATALOG_COMPILER_APPICON_NAME = AppIcon;
				ASSETCATALOG_COMPILER_GLOBAL_ACCENT_COLOR_NAME = AccentColor;
				CODE_SIGN_STYLE = Automatic;
				CURRENT_PROJECT_VERSION = 1;
				DEVELOPMENT_ASSET_PATHS = "\"WoolyAdventures/Preview Content\"";
				ENABLE_PREVIEWS = YES;
				GENERATE_INFOPLIST_FILE = YES;
				INFOPLIST_KEY_UIApplicationSceneManifest_Generation = YES;
				INFOPLIST_KEY_UIApplicationSupportsIndirectInputEvents = YES;
				INFOPLIST_KEY_UILaunchScreen_Generation = YES;
				INFOPLIST_KEY_UISupportedInterfaceOrientations_iPad = "UIInterfaceOrientationPortrait UIInterfaceOrientationPortraitUpsideDown UIInterfaceOrientationLandscapeLeft UIInterfaceOrientationLandscapeRight";
				INFOPLIST_KEY_UISupportedInterfaceOrientations_iPhone = "UIInterfaceOrientationPortrait UIInterfaceOrientationLandscapeLeft UIInterfaceOrientationLandscapeRight";
				LD_RUNPATH_SEARCH_PATHS = (
					"$(inherited)",
					"@executable_path/Frameworks",
				);
				MARKETING_VERSION = 1.0;
				PRODUCT_BUNDLE_IDENTIFIER = kwk;
				PRODUCT_NAME = "$(TARGET_NAME)";
				SWIFT_EMIT_LOC_STRINGS = YES;
				SWIFT_VERSION = 5.0;
				TARGETED_DEVICE_FAMILY = "1,2";
			};
			name = Release;
		};
/* End XCBuildConfiguration section */

/* Begin XCConfigurationList section */
		E66ADE8D2A7CEA8600398317 /* Build configuration list for PBXProject "WoolyAdventures" */ = {
			isa = XCConfigurationList;
			buildConfigurations = (
				E66ADE9E2A7CEA8800398317 /* Debug */,
				E66ADE9F2A7CEA8800398317 /* Release */,
			);
			defaultConfigurationIsVisible = 0;
			defaultConfigurationName = Release;
		};
		E66ADEA02A7CEA8800398317 /* Build configuration list for PBXNativeTarget "WoolyAdventures" */ = {
			isa = XCConfigurationList;
			buildConfigurations = (
				E66ADEA12A7CEA8800398317 /* Debug */,
				E66ADEA22A7CEA8800398317 /* Release */,
			);
			defaultConfigurationIsVisible = 0;
			defaultConfigurationName = Release;
		};
/* End XCConfigurationList section */
	};
	rootObject = E66ADE8A2A7CEA8600398317 /* Project object */;
}
